# This file is automatically @generated by Cargo.
# It is not intended for manual editing.
version = 4

[[package]]
name = "powerio-core-prototype"
version = "0.0.0"

[[package]]
name = "powerio-dist-prototype"
version = "0.0.0"
dependencies = [
 "powerio-core-prototype",
]

[[package]]
name = "powerio-facade-prototype"
version = "0.0.0"
dependencies = [
 "powerio-core-prototype",
 "powerio-dist-prototype",
 "powerio-prob-prototype",
 "powerio-tx-prototype",
]

[[package]]
name = "powerio-prob-prototype"
version = "0.0.0"
dependencies = [
 "powerio-core-prototype",
 "powerio-dist-prototype",
 "powerio-tx-prototype",
]

[[package]]
name = "powerio-tx-prototype"
version = "0.0.0"
dependencies = [
 "powerio-core-prototype",
]
